{
  "name": "Conic",
  "version": "1.0.0",
  "lockfileVersion": 1,
  "requires": true,
  "dependencies": {
    "ohm-js": {
      "version": "16.0.0",
      "resolved": "https://registry.npmjs.org/ohm-js/-/ohm-js-16.0.0.tgz",
      "integrity": "sha512-e0xfOO/OdF3IE+H3VibMlW/wJr5bNJIEa5bnVvoxEjPNTJ6Djjt3seAKHu6CWfByRnJFk5TsiSX3Vz7GWoM0og=="
    }
  }
}
